
Microsoft Visual Studio Solution File, Format Version 12.00
# Visual Studio Version 16
VisualStudioVersion = 16.0.30413.136
MinimumVisualStudioVersion = 10.0.40219.1
Project("{FAE04EC0-301F-11D3-BF4B-00C04F79EFBC}") = "Lumememm_Smirnov.UWP", "Lumememm_Smirnov\Lumememm_Smirnov.UWP\Lumememm_Smirnov.UWP.csproj", "{09A22E4A-9892-46FC-8590-D74157B1D6CC}"
EndProject
Project("{FAE04EC0-301F-11D3-BF4B-00C04F79EFBC}") = "Lumememm_Smirnov.Android", "Lumememm_Smirnov\Lumememm_Smirnov.Android\Lumememm_Smirnov.Android.csproj", "{60B144EE-36FE-4E97-BA69-5BD16C173735}"
EndProject
Project("{FAE04EC0-301F-11D3-BF4B-00C04F79EFBC}") = "Lumememm_Smirnov.iOS", "Lumememm_Smirnov\Lumememm_Smirnov.iOS\Lumememm_Smirnov.iOS.csproj", "{898FF5AD-6C5C-40B6-B511-EBE2E9F2BA7F}"
EndProject
Project("{FAE04EC0-301F-11D3-BF4B-00C04F79EFBC}") = "Lumememm_Smirnov", "Lumememm_Smirnov\Lumememm_Smirnov\Lumememm_Smirnov.csproj", "{62A53FB9-B1D4-4E97-9825-C36A05537061}"
EndProject
Global
	GlobalSection(SolutionConfigurationPlatforms) = preSolution
		Debug|Any CPU = Debug|Any CPU
		Debug|ARM = Debug|ARM
		Debug|iPhone = Debug|iPhone
		Debug|iPhoneSimulator = Debug|iPhoneSimulator
		Debug|x64 = Debug|x64
		Debug|x86 = Debug|x86
		Release|Any CPU = Release|Any CPU
		Release|ARM = Release|ARM
		Release|iPhone = Release|iPhone
		Release|iPhoneSimulator = Release|iPhoneSimulator
		Release|x64 = Release|x64
		Release|x86 = Release|x86
	EndGlobalSection
	GlobalSection(ProjectConfigurationPlatforms) = postSolution
		{09A22E4A-9892-46FC-8590-D74157B1D6CC}.Debug|Any CPU.ActiveCfg = Debug|x86
		{09A22E4A-9892-46FC-8590-D74157B1D6CC}.Debug|Any CPU.Build.0 = Debug|x86
		{09A22E4A-9892-46FC-8590-D74157B1D6CC}.Debug|Any CPU.Deploy.0 = Debug|x86
		{09A22E4A-9892-46FC-8590-D74157B1D6CC}.Debug|ARM.ActiveCfg = Debug|ARM
		{09A22E4A-9892-46FC-8590-D74157B1D6CC}.Debug|ARM.Build.0 = Debug|ARM
		{09A22E4A-9892-46FC-8590-D74157B1D6CC}.Debug|ARM.Deploy.0 = Debug|ARM
		{09A22E4A-9892-46FC-8590-D74157B1D6CC}.Debug|iPhone.ActiveCfg = Debug|x86
		{09A22E4A-9892-46FC-8590-D74157B1D6CC}.Debug|iPhone.Build.0 = Debug|x86
		{09A22E4A-9892-46FC-8590-D74157B1D6CC}.Debug|iPhone.Deploy.0 = Debug|x86
		{09A22E4A-9892-46FC-8590-D74157B1D6CC}.Debug|iPhoneSimulator.ActiveCfg = Debug|x86
		{09A22E4A-9892-46FC-8590-D74157B1D6CC}.Debug|iPhoneSimulator.Build.0 = Debug|x86
		{09A22E4A-9892-46FC-8590-D74157B1D6CC}.Debug|iPhoneSimulator.Deploy.0 = Debug|x86
		{09A22E4A-9892-46FC-8590-D74157B1D6CC}.Debug|x64.ActiveCfg = Debug|x64
		{09A22E4A-9892-46FC-8590-D74157B1D6CC}.Debug|x64.Build.0 = Debug|x64
		{09A22E4A-9892-46FC-8590-D74157B1D6CC}.Debug|x64.Deploy.0 = Debug|x64
		{09A22E4A-9892-46FC-8590-D74157B1D6CC}.Debug|x86.ActiveCfg = Debug|x86
		{09A22E4A-9892-46FC-8590-D74157B1D6CC}.Debug|x86.Build.0 = Debug|x86
		{09A22E4A-9892-46FC-8590-D74157B1D6CC}.Debug|x86.Deploy.0 = Debug|x86
		{09A22E4A-9892-46FC-8590-D74157B1D6CC}.Release|Any CPU.ActiveCfg = Release|x86
		{09A22E4A-9892-46FC-8590-D74157B1D6CC}.Release|Any CPU.Build.0 = Release|x86
		{09A22E4A-9892-46FC-8590-D74157B1D6CC}.Release|Any CPU.Deploy.0 = Release|x86
		{09A22E4A-9892-46FC-8590-D74157B1D6CC}.Release|ARM.ActiveCfg = Release|ARM
		{09A22E4A-9892-46FC-8590-D74157B1D6CC}.Release|ARM.Build.0 = Release|ARM
		{09A22E4A-9892-46FC-8590-D74157B1D6CC}.Release|ARM.Deploy.0 = Release|ARM
		{09A22E4A-9892-46FC-8590-D74157B1D6CC}.Release|iPhone.ActiveCfg = Release|x86
		{09A22E4A-9892-46FC-8590-D74157B1D6CC}.Release|iPhone.Build.0 = Release|x86
		{09A22E4A-9892-46FC-8590-D74157B1D6CC}.Release|iPhone.Deploy.0 = Release|x86
		{09A22E4A-9892-46FC-8590-D74157B1D6CC}.Release|iPhoneSimulator.ActiveCfg = Release|x86
		{09A22E4A-9892-46FC-8590-D74157B1D6CC}.Release|iPhoneSimulator.Build.0 = Release|x86
		{09A22E4A-9892-46FC-8590-D74157B1D6CC}.Release|iPhoneSimulator.Deploy.0 = Release|x86
		{09A22E4A-9892-46FC-8590-D74157B1D6CC}.Release|x64.ActiveCfg = Release|x64
		{09A22E4A-9892-46FC-8590-D74157B1D6CC}.Release|x64.Build.0 = Release|x64
		{09A22E4A-9892-46FC-8590-D74157B1D6CC}.Release|x64.Deploy.0 = Release|x64
		{09A22E4A-9892-46FC-8590-D74157B1D6CC}.Release|x86.ActiveCfg = Release|x86
		{09A22E4A-9892-46FC-8590-D74157B1D6CC}.Release|x86.Build.0 = Release|x86
		{09A22E4A-9892-46FC-8590-D74157B1D6CC}.Release|x86.Deploy.0 = Release|x86
		{60B144EE-36FE-4E97-BA69-5BD16C173735}.Debug|Any CPU.ActiveCfg = Debug|Any CPU
		{60B144EE-36FE-4E97-BA69-5BD16C173735}.Debug|Any CPU.Build.0 = Debug|Any CPU
		{60B144EE-36FE-4E97-BA69-5BD16C173735}.Debug|Any CPU.Deploy.0 = Debug|Any CPU
		{60B144EE-36FE-4E97-BA69-5BD16C173735}.Debug|ARM.ActiveCfg = Debug|Any CPU
		{60B144EE-36FE-4E97-BA69-5BD16C173735}.Debug|ARM.Build.0 = Debug|Any CPU
		{60B144EE-36FE-4E97-BA69-5BD16C173735}.Debug|ARM.Deploy.0 = Debug|Any CPU
		{60B144EE-36FE-4E97-BA69-5BD16C173735}.Debug|iPhone.ActiveCfg = Debug|Any CPU
		{60B144EE-36FE-4E97-BA69-5BD16C173735}.Debug|iPhone.Build.0 = Debug|Any CPU
		{60B144EE-36FE-4E97-BA69-5BD16C173735}.Debug|iPhone.Deploy.0 = Debug|Any CPU
		{60B144EE-36FE-4E97-BA69-5BD16C173735}.Debug|iPhoneSimulator.ActiveCfg = Debug|Any CPU
		{60B144EE-36FE-4E97-BA69-5BD16C173735}.Debug|iPhoneSimulator.Build.0 = Debug|Any CPU
		{60B144EE-36FE-4E97-BA69-5BD16C173735}.Debug|iPhoneSimulator.Deploy.0 = Debug|Any CPU
		{60B144EE-36FE-4E97-BA69-5BD16C173735}.Debug|x64.ActiveCfg = Debug|Any CPU
		{60B144EE-36FE-4E97-BA69-5BD16C173735}.Debug|x64.Build.0 = Debug|Any CPU
		{60B144EE-36FE-4E97-BA69-5BD16C173735}.Debug|x64.Deploy.0 = Debug|Any CPU
		{60B144EE-36FE-4E97-BA69-5BD16C173735}.Debug|x86.ActiveCfg = Debug|Any CPU
		{60B144EE-36FE-4E97-BA69-5BD16C173735}.Debug|x86.Build.0 = Debug|Any CPU
		{60B144EE-36FE-4E97-BA69-5BD16C173735}.Debug|x86.Deploy.0 = Debug|Any CPU
		{60B144EE-36FE-4E97-BA69-5BD16C173735}.Release|Any CPU.ActiveCfg = Release|Any CPU
		{60B144EE-36FE-4E97-BA69-5BD16C173735}.Release|Any CPU.Build.0 = Release|Any CPU
		{60B144EE-36FE-4E97-BA69-5BD16C173735}.Release|Any CPU.Deploy.0 = Release|Any CPU
		{60B144EE-36FE-4E97-BA69-5BD16C173735}.Release|ARM.ActiveCfg = Release|Any CPU
		{60B144EE-36FE-4E97-BA69-5BD16C173735}.Release|ARM.Build.0 = Release|Any CPU
		{60B144EE-36FE-4E97-BA69-5BD16C173735}.Release|ARM.Deploy.0 = Release|Any CPU
		{60B144EE-36FE-4E97-BA69-5BD16C173735}.Release|iPhone.ActiveCfg = Release|Any CPU
		{60B144EE-36FE-4E97-BA69-5BD16C173735}.Release|iPhone.Build.0 = Release|Any CPU
		{60B144EE-36FE-4E97-BA69-5BD16C173735}.Release|iPhone.Deploy.0 = Release|Any CPU
		{60B144EE-36FE-4E97-BA69-5BD16C173735}.Release|iPhoneSimulator.ActiveCfg = Release|Any CPU
		{60B144EE-36FE-4E97-BA69-5BD16C173735}.Release|iPhoneSimulator.Build.0 = Release|Any CPU
		{60B144EE-36FE-4E97-BA69-5BD16C173735}.Release|iPhoneSimulator.Deploy.0 = Release|Any CPU
		{60B144EE-36FE-4E97-BA69-5BD16C173735}.Release|x64.ActiveCfg = Release|Any CPU
		{60B144EE-36FE-4E97-BA69-5BD16C173735}.Release|x64.Build.0 = Release|Any CPU
		{60B144EE-36FE-4E97-BA69-5BD16C173735}.Release|x64.Deploy.0 = Release|Any CPU
		{60B144EE-36FE-4E97-BA69-5BD16C173735}.Release|x86.ActiveCfg = Release|Any CPU
		{60B144EE-36FE-4E97-BA69-5BD16C173735}.Release|x86.Build.0 = Release|Any CPU
		{60B144EE-36FE-4E97-BA69-5BD16C173735}.Release|x86.Deploy.0 = Release|Any CPU
		{898FF5AD-6C5C-40B6-B511-EBE2E9F2BA7F}.Debug|Any CPU.ActiveCfg = Debug|iPhone
		{898FF5AD-6C5C-40B6-B511-EBE2E9F2BA7F}.Debug|Any CPU.Build.0 = Debug|iPhone
		{898FF5AD-6C5C-40B6-B511-EBE2E9F2BA7F}.Debug|Any CPU.Deploy.0 = Debug|iPhone
		{898FF5AD-6C5C-40B6-B511-EBE2E9F2BA7F}.Debug|ARM.ActiveCfg = Debug|iPhone
		{898FF5AD-6C5C-40B6-B511-EBE2E9F2BA7F}.Debug|ARM.Build.0 = Debug|iPhone
		{898FF5AD-6C5C-40B6-B511-EBE2E9F2BA7F}.Debug|ARM.Deploy.0 = Debug|iPhone
		{898FF5AD-6C5C-40B6-B511-EBE2E9F2BA7F}.Debug|iPhone.ActiveCfg = Debug|iPhone
		{898FF5AD-6C5C-40B6-B511-EBE2E9F2BA7F}.Debug|iPhone.Build.0 = Debug|iPhone
		{898FF5AD-6C5C-40B6-B511-EBE2E9F2BA7F}.Debug|iPhone.Deploy.0 = Debug|iPhone
		{898FF5AD-6C5C-40B6-B511-EBE2E9F2BA7F}.Debug|iPhoneSimulator.ActiveCfg = Debug|iPhoneSimulator
		{898FF5AD-6C5C-40B6-B511-EBE2E9F2BA7F}.Debug|iPhoneSimulator.Build.0 = Debug|iPhoneSimulator
		{898FF5AD-6C5C-40B6-B511-EBE2E9F2BA7F}.Debug|iPhoneSimulator.Deploy.0 = Debug|iPhoneSimulator
		{898FF5AD-6C5C-40B6-B511-EBE2E9F2BA7F}.Debug|x64.ActiveCfg = Debug|iPhone
		{898FF5AD-6C5C-40B6-B511-EBE2E9F2BA7F}.Debug|x64.Build.0 = Debug|iPhone
		{898FF5AD-6C5C-40B6-B511-EBE2E9F2BA7F}.Debug|x64.Deploy.0 = Debug|iPhone
		{898FF5AD-6C5C-40B6-B511-EBE2E9F2BA7F}.Debug|x86.ActiveCfg = Debug|iPhone
		{898FF5AD-6C5C-40B6-B511-EBE2E9F2BA7F}.Debug|x86.Build.0 = Debug|iPhone
		{898FF5AD-6C5C-40B6-B511-EBE2E9F2BA7F}.Debug|x86.Deploy.0 = Debug|iPhone
		{898FF5AD-6C5C-40B6-B511-EBE2E9F2BA7F}.Release|Any CPU.ActiveCfg = Release|iPhone
		{898FF5AD-6C5C-40B6-B511-EBE2E9F2BA7F}.Release|Any CPU.Build.0 = Release|iPhone
		{898FF5AD-6C5C-40B6-B511-EBE2E9F2BA7F}.Release|Any CPU.Deploy.0 = Release|iPhone
		{898FF5AD-6C5C-40B6-B511-EBE2E9F2BA7F}.Release|ARM.ActiveCfg = Release|iPhone
		{898FF5AD-6C5C-40B6-B511-EBE2E9F2BA7F}.Release|ARM.Build.0 = Release|iPhone
		{898FF5AD-6C5C-40B6-B511-EBE2E9F2BA7F}.Release|ARM.Deploy.0 = Release|iPhone
		{898FF5AD-6C5C-40B6-B511-EBE2E9F2BA7F}.Release|iPhone.ActiveCfg = Release|iPhone
		{898FF5AD-6C5C-40B6-B511-EBE2E9F2BA7F}.Release|iPhone.Build.0 = Release|iPhone
		{898FF5AD-6C5C-40B6-B511-EBE2E9F2BA7F}.Release|iPhone.Deploy.0 = Release|iPhone
		{898FF5AD-6C5C-40B6-B511-EBE2E9F2BA7F}.Release|iPhoneSimulator.ActiveCfg = Release|iPhoneSimulator
		{898FF5AD-6C5C-40B6-B511-EBE2E9F2BA7F}.Release|iPhoneSimulator.Build.0 = Release|iPhoneSimulator
		{898FF5AD-6C5C-40B6-B511-EBE2E9F2BA7F}.Release|iPhoneSimulator.Deploy.0 = Release|iPhoneSimulator
		{898FF5AD-6C5C-40B6-B511-EBE2E9F2BA7F}.Release|x64.ActiveCfg = Release|iPhone
		{898FF5AD-6C5C-40B6-B511-EBE2E9F2BA7F}.Release|x64.Build.0 = Release|iPhone
		{898FF5AD-6C5C-40B6-B511-EBE2E9F2BA7F}.Release|x64.Deploy.0 = Release|iPhone
		{898FF5AD-6C5C-40B6-B511-EBE2E9F2BA7F}.Release|x86.ActiveCfg = Release|iPhone
		{898FF5AD-6C5C-40B6-B511-EBE2E9F2BA7F}.Release|x86.Build.0 = Release|iPhone
		{898FF5AD-6C5C-40B6-B511-EBE2E9F2BA7F}.Release|x86.Deploy.0 = Release|iPhone
		{62A53FB9-B1D4-4E97-9825-C36A05537061}.Debug|Any CPU.ActiveCfg = Debug|Any CPU
		{62A53FB9-B1D4-4E97-9825-C36A05537061}.Debug|Any CPU.Build.0 = Debug|Any CPU
		{62A53FB9-B1D4-4E97-9825-C36A05537061}.Debug|Any CPU.Deploy.0 = Debug|Any CPU
		{62A53FB9-B1D4-4E97-9825-C36A05537061}.Debug|ARM.ActiveCfg = Debug|Any CPU
		{62A53FB9-B1D4-4E97-9825-C36A05537061}.Debug|ARM.Build.0 = Debug|Any CPU
		{62A53FB9-B1D4-4E97-9825-C36A05537061}.Debug|ARM.Deploy.0 = Debug|Any CPU
		{62A53FB9-B1D4-4E97-9825-C36A05537061}.Debug|iPhone.ActiveCfg = Debug|Any CPU
		{62A53FB9-B1D4-4E97-9825-C36A05537061}.Debug|iPhone.Build.0 = Debug|Any CPU
		{62A53FB9-B1D4-4E97-9825-C36A05537061}.Debug|iPhone.Deploy.0 = Debug|Any CPU
		{62A53FB9-B1D4-4E97-9825-C36A05537061}.Debug|iPhoneSimulator.ActiveCfg = Debug|Any CPU
		{62A53FB9-B1D4-4E97-9825-C36A05537061}.Debug|iPhoneSimulator.Build.0 = Debug|Any CPU
		{62A53FB9-B1D4-4E97-9825-C36A05537061}.Debug|iPhoneSimulator.Deploy.0 = Debug|Any CPU
		{62A53FB9-B1D4-4E97-9825-C36A05537061}.Debug|x64.ActiveCfg = Debug|Any CPU
		{62A53FB9-B1D4-4E97-9825-C36A05537061}.Debug|x64.Build.0 = Debug|Any CPU
		{62A53FB9-B1D4-4E97-9825-C36A05537061}.Debug|x64.Deploy.0 = Debug|Any CPU
		{62A53FB9-B1D4-4E97-9825-C36A05537061}.Debug|x86.ActiveCfg = Debug|Any CPU
		{62A53FB9-B1D4-4E97-9825-C36A05537061}.Debug|x86.Build.0 = Debug|Any CPU
		{62A53FB9-B1D4-4E97-9825-C36A05537061}.Debug|x86.Deploy.0 = Debug|Any CPU
		{62A53FB9-B1D4-4E97-9825-C36A05537061}.Release|Any CPU.ActiveCfg = Release|Any CPU
		{62A53FB9-B1D4-4E97-9825-C36A05537061}.Release|Any CPU.Build.0 = Release|Any CPU
		{62A53FB9-B1D4-4E97-9825-C36A05537061}.Release|Any CPU.Deploy.0 = Release|Any CPU
		{62A53FB9-B1D4-4E97-9825-C36A05537061}.Release|ARM.ActiveCfg = Release|Any CPU
		{62A53FB9-B1D4-4E97-9825-C36A05537061}.Release|ARM.Build.0 = Release|Any CPU
		{62A53FB9-B1D4-4E97-9825-C36A05537061}.Release|ARM.Deploy.0 = Release|Any CPU
		{62A53FB9-B1D4-4E97-9825-C36A05537061}.Release|iPhone.ActiveCfg = Release|Any CPU
		{62A53FB9-B1D4-4E97-9825-C36A05537061}.Release|iPhone.Build.0 = Release|Any CPU
		{62A53FB9-B1D4-4E97-9825-C36A05537061}.Release|iPhone.Deploy.0 = Release|Any CPU
		{62A53FB9-B1D4-4E97-9825-C36A05537061}.Release|iPhoneSimulator.ActiveCfg = Release|Any CPU
		{62A53FB9-B1D4-4E97-9825-C36A05537061}.Release|iPhoneSimulator.Build.0 = Release|Any CPU
		{62A53FB9-B1D4-4E97-9825-C36A05537061}.Release|iPhoneSimulator.Deploy.0 = Release|Any CPU
		{62A53FB9-B1D4-4E97-9825-C36A05537061}.Release|x64.ActiveCfg = Release|Any CPU
		{62A53FB9-B1D4-4E97-9825-C36A05537061}.Release|x64.Build.0 = Release|Any CPU
		{62A53FB9-B1D4-4E97-9825-C36A05537061}.Release|x64.Deploy.0 = Release|Any CPU
		{62A53FB9-B1D4-4E97-9825-C36A05537061}.Release|x86.ActiveCfg = Release|Any CPU
		{62A53FB9-B1D4-4E97-9825-C36A05537061}.Release|x86.Build.0 = Release|Any CPU
		{62A53FB9-B1D4-4E97-9825-C36A05537061}.Release|x86.Deploy.0 = Release|Any CPU
	EndGlobalSection
	GlobalSection(SolutionProperties) = preSolution
		HideSolutionNode = FALSE
	EndGlobalSection
	GlobalSection(ExtensibilityGlobals) = postSolution
		SolutionGuid = {03789EDA-9890-4D14-8E90-B2A479B160AC}
	EndGlobalSection
EndGlobal
